
Microsoft Visual Studio Solution File, Format Version 12.00
# Visual Studio Version 17
VisualStudioVersion = 17.11.35219.272
MinimumVisualStudioVersion = 10.0.40219.1
Project("{FAE04EC0-301F-11D3-BF4B-00C04F79EFBC}") = "AOC.Lib", "AOC.Lib\AOC.Lib.csproj", "{81F8C7C8-8BC9-411F-A94B-F4A2CBA4141E}"
EndProject
Project("{FAE04EC0-301F-11D3-BF4B-00C04F79EFBC}") = "AOC.Test", "AOC.Test\AOC.Test.csproj", "{6C6EB210-0CCB-4E6F-A26B-A4D409A21D4F}"
EndProject
Global
	GlobalSection(SolutionConfigurationPlatforms) = preSolution
		Debug|Any CPU = Debug|Any CPU
		Release|Any CPU = Release|Any CPU
	EndGlobalSection
	GlobalSection(ProjectConfigurationPlatforms) = postSolution
		{81F8C7C8-8BC9-411F-A94B-F4A2CBA4141E}.Debug|Any CPU.ActiveCfg = Debug|Any CPU
		{81F8C7C8-8BC9-411F-A94B-F4A2CBA4141E}.Debug|Any CPU.Build.0 = Debug|Any CPU
		{81F8C7C8-8BC9-411F-A94B-F4A2CBA4141E}.Release|Any CPU.ActiveCfg = Release|Any CPU
		{81F8C7C8-8BC9-411F-A94B-F4A2CBA4141E}.Release|Any CPU.Build.0 = Release|Any CPU
		{6C6EB210-0CCB-4E6F-A26B-A4D409A21D4F}.Debug|Any CPU.ActiveCfg = Debug|Any CPU
		{6C6EB210-0CCB-4E6F-A26B-A4D409A21D4F}.Debug|Any CPU.Build.0 = Debug|Any CPU
		{6C6EB210-0CCB-4E6F-A26B-A4D409A21D4F}.Release|Any CPU.ActiveCfg = Release|Any CPU
		{6C6EB210-0CCB-4E6F-A26B-A4D409A21D4F}.Release|Any CPU.Build.0 = Release|Any CPU
	EndGlobalSection
	GlobalSection(SolutionProperties) = preSolution
		HideSolutionNode = FALSE
	EndGlobalSection
	GlobalSection(ExtensibilityGlobals) = postSolution
		SolutionGuid = {C2256CE5-F741-43BF-9872-3A5FE88413FD}
	EndGlobalSection
EndGlobal
